
Microsoft Visual Studio Solution File, Format Version 12.00
# Visual Studio Version 16
VisualStudioVersion = 16.0.28922.388
MinimumVisualStudioVersion = 10.0.40219.1
Project("{FAE04EC0-301F-11D3-BF4B-00C04F79EFBC}") = "ConsoleApp3", "ConsoleApp3\ConsoleApp3.csproj", "{55DF47F6-BA31-4333-A841-F4573FF34A11}"
EndProject
Project("{FAE04EC0-301F-11D3-BF4B-00C04F79EFBC}") = "PokemonyTests", "PokemonyTests\PokemonyTests.csproj", "{9894B8D0-5BC7-48AC-9F29-D29593CB4349}"
EndProject
Project("{FAE04EC0-301F-11D3-BF4B-00C04F79EFBC}") = "MachineLearning", "MachineLearning\MachineLearning.csproj", "{73926791-11A7-4D8A-A7F4-42F60FBB6110}"
EndProject
Global
	GlobalSection(SolutionConfigurationPlatforms) = preSolution
		Debug|Any CPU = Debug|Any CPU
		Release|Any CPU = Release|Any CPU
	EndGlobalSection
	GlobalSection(ProjectConfigurationPlatforms) = postSolution
		{55DF47F6-BA31-4333-A841-F4573FF34A11}.Debug|Any CPU.ActiveCfg = Debug|Any CPU
		{55DF47F6-BA31-4333-A841-F4573FF34A11}.Debug|Any CPU.Build.0 = Debug|Any CPU
		{55DF47F6-BA31-4333-A841-F4573FF34A11}.Release|Any CPU.ActiveCfg = Release|Any CPU
		{55DF47F6-BA31-4333-A841-F4573FF34A11}.Release|Any CPU.Build.0 = Release|Any CPU
		{9894B8D0-5BC7-48AC-9F29-D29593CB4349}.Debug|Any CPU.ActiveCfg = Debug|Any CPU
		{9894B8D0-5BC7-48AC-9F29-D29593CB4349}.Debug|Any CPU.Build.0 = Debug|Any CPU
		{9894B8D0-5BC7-48AC-9F29-D29593CB4349}.Release|Any CPU.ActiveCfg = Release|Any CPU
		{9894B8D0-5BC7-48AC-9F29-D29593CB4349}.Release|Any CPU.Build.0 = Release|Any CPU
		{73926791-11A7-4D8A-A7F4-42F60FBB6110}.Debug|Any CPU.ActiveCfg = Debug|Any CPU
		{73926791-11A7-4D8A-A7F4-42F60FBB6110}.Debug|Any CPU.Build.0 = Debug|Any CPU
		{73926791-11A7-4D8A-A7F4-42F60FBB6110}.Release|Any CPU.ActiveCfg = Release|Any CPU
		{73926791-11A7-4D8A-A7F4-42F60FBB6110}.Release|Any CPU.Build.0 = Release|Any CPU
	EndGlobalSection
	GlobalSection(SolutionProperties) = preSolution
		HideSolutionNode = FALSE
	EndGlobalSection
	GlobalSection(ExtensibilityGlobals) = postSolution
		SolutionGuid = {454B62F9-032E-40A4-BDF1-A6CCF07DCE5F}
	EndGlobalSection
EndGlobal
